{
  "requires": true,
  "lockfileVersion": 1,
  "dependencies": {
    "vue-avatar": {
      "version": "2.3.0",
      "resolved": "https://registry.npmjs.org/vue-avatar/-/vue-avatar-2.3.0.tgz",
      "integrity": "sha512-/zeMhHV0OWp4ESvcX3OIVXUCT1IwCS/18StQh6Q2hqUJwhN3knWG8ktKzJt45rVp9whMXDGg8qDNZKzz3LfRmw=="
    }
  }
}
